
Microsoft Visual Studio Solution File, Format Version 12.00
# Visual Studio 15
VisualStudioVersion = 15.0.28010.2003
MinimumVisualStudioVersion = 10.0.40219.1
Project("{FAE04EC0-301F-11D3-BF4B-00C04F79EFBC}") = "Task3", "Task3\Task3.csproj", "{0BA79FF3-B26D-4257-A48D-394B64F84B8D}"
EndProject
Project("{FAE04EC0-301F-11D3-BF4B-00C04F79EFBC}") = "CompanyApi", "CompanyApi\CompanyApi.csproj", "{7ACC559D-1FA2-449C-8A0B-1F1DADB504A6}"
EndProject
Global
	GlobalSection(SolutionConfigurationPlatforms) = preSolution
		Debug|Any CPU = Debug|Any CPU
		Release|Any CPU = Release|Any CPU
	EndGlobalSection
	GlobalSection(ProjectConfigurationPlatforms) = postSolution
		{0BA79FF3-B26D-4257-A48D-394B64F84B8D}.Debug|Any CPU.ActiveCfg = Debug|Any CPU
		{0BA79FF3-B26D-4257-A48D-394B64F84B8D}.Debug|Any CPU.Build.0 = Debug|Any CPU
		{0BA79FF3-B26D-4257-A48D-394B64F84B8D}.Release|Any CPU.ActiveCfg = Release|Any CPU
		{0BA79FF3-B26D-4257-A48D-394B64F84B8D}.Release|Any CPU.Build.0 = Release|Any CPU
		{7ACC559D-1FA2-449C-8A0B-1F1DADB504A6}.Debug|Any CPU.ActiveCfg = Debug|Any CPU
		{7ACC559D-1FA2-449C-8A0B-1F1DADB504A6}.Debug|Any CPU.Build.0 = Debug|Any CPU
		{7ACC559D-1FA2-449C-8A0B-1F1DADB504A6}.Release|Any CPU.ActiveCfg = Release|Any CPU
		{7ACC559D-1FA2-449C-8A0B-1F1DADB504A6}.Release|Any CPU.Build.0 = Release|Any CPU
	EndGlobalSection
	GlobalSection(SolutionProperties) = preSolution
		HideSolutionNode = FALSE
	EndGlobalSection
	GlobalSection(ExtensibilityGlobals) = postSolution
		SolutionGuid = {1B48E835-DC59-477A-8E2B-68196C982B7A}
	EndGlobalSection
EndGlobal
